
Microsoft Visual Studio Solution File, Format Version 12.00
# Visual Studio 15
VisualStudioVersion = 15.0.27703.2035
MinimumVisualStudioVersion = 10.0.40219.1
Project("{FAE04EC0-301F-11D3-BF4B-00C04F79EFBC}") = "SDImageFramework", "SDImageFramework\SDImageFramework.csproj", "{FAB4D08F-9674-471C-B6B5-961F5CFB4EC0}"
EndProject
Project("{FAE04EC0-301F-11D3-BF4B-00C04F79EFBC}") = "SDImageFramework.Test", "SDImageFramework.Test\SDImageFramework.Test.csproj", "{2BFECAE9-A090-4FD9-AACC-81D57A67C0E7}"
EndProject
Global
	GlobalSection(SolutionConfigurationPlatforms) = preSolution
		Debug|Any CPU = Debug|Any CPU
		Release|Any CPU = Release|Any CPU
	EndGlobalSection
	GlobalSection(ProjectConfigurationPlatforms) = postSolution
		{FAB4D08F-9674-471C-B6B5-961F5CFB4EC0}.Debug|Any CPU.ActiveCfg = Debug|Any CPU
		{FAB4D08F-9674-471C-B6B5-961F5CFB4EC0}.Debug|Any CPU.Build.0 = Debug|Any CPU
		{FAB4D08F-9674-471C-B6B5-961F5CFB4EC0}.Release|Any CPU.ActiveCfg = Release|Any CPU
		{FAB4D08F-9674-471C-B6B5-961F5CFB4EC0}.Release|Any CPU.Build.0 = Release|Any CPU
		{2BFECAE9-A090-4FD9-AACC-81D57A67C0E7}.Debug|Any CPU.ActiveCfg = Debug|Any CPU
		{2BFECAE9-A090-4FD9-AACC-81D57A67C0E7}.Debug|Any CPU.Build.0 = Debug|Any CPU
		{2BFECAE9-A090-4FD9-AACC-81D57A67C0E7}.Release|Any CPU.ActiveCfg = Release|Any CPU
		{2BFECAE9-A090-4FD9-AACC-81D57A67C0E7}.Release|Any CPU.Build.0 = Release|Any CPU
	EndGlobalSection
	GlobalSection(SolutionProperties) = preSolution
		HideSolutionNode = FALSE
	EndGlobalSection
	GlobalSection(ExtensibilityGlobals) = postSolution
		SolutionGuid = {82EF4F1F-7727-4578-9465-4D871F54A10C}
	EndGlobalSection
EndGlobal
